
Microsoft Visual Studio Solution File, Format Version 12.00
# Visual Studio Version 17
VisualStudioVersion = 17.13.35825.156 d17.13
MinimumVisualStudioVersion = 10.0.40219.1
Project("{FAE04EC0-301F-11D3-BF4B-00C04F79EFBC}") = "LAB10", "LAB10.csproj", "{B9976775-BBFB-401E-84DE-70D914A1E8B9}"
EndProject
Global
	GlobalSection(SolutionConfigurationPlatforms) = preSolution
		Debug|Any CPU = Debug|Any CPU
		Release|Any CPU = Release|Any CPU
	EndGlobalSection
	GlobalSection(ProjectConfigurationPlatforms) = postSolution
		{B9976775-BBFB-401E-84DE-70D914A1E8B9}.Debug|Any CPU.ActiveCfg = Debug|Any CPU
		{B9976775-BBFB-401E-84DE-70D914A1E8B9}.Debug|Any CPU.Build.0 = Debug|Any CPU
		{B9976775-BBFB-401E-84DE-70D914A1E8B9}.Release|Any CPU.ActiveCfg = Release|Any CPU
		{B9976775-BBFB-401E-84DE-70D914A1E8B9}.Release|Any CPU.Build.0 = Release|Any CPU
	EndGlobalSection
	GlobalSection(SolutionProperties) = preSolution
		HideSolutionNode = FALSE
	EndGlobalSection
	GlobalSection(ExtensibilityGlobals) = postSolution
		SolutionGuid = {14FF1710-7E9C-4B44-BFD1-93B4000F49F5}
	EndGlobalSection
EndGlobal
